Microsoft Visual Studio Solution File, Format Version 12.00
# Visual Studio Version 17
VisualStudioVersion = 17.13.35507.96
MinimumVisualStudioVersion = 10.0.40219.1
Project("{FAE04EC0-301F-11D3-BF4B-00C04F79EFBC}") = "SeriLogTracing-ConsoleApp", "SeriLogTracing-ConsoleApp\SeriLogTracing-ConsoleApp.csproj", "{7977F368-AD45-4DF6-80A3-4A11C7F64213}"
EndProject
Global
	GlobalSection(SolutionConfigurationPlatforms) = preSolution
		Debug|Any CPU = Debug|Any CPU
		Release|Any CPU = Release|Any CPU
	EndGlobalSection
	GlobalSection(ProjectConfigurationPlatforms) = postSolution
		{7977F368-AD45-4DF6-80A3-4A11C7F64213}.Debug|Any CPU.ActiveCfg = Debug|Any CPU
		{7977F368-AD45-4DF6-80A3-4A11C7F64213}.Debug|Any CPU.Build.0 = Debug|Any CPU
		{7977F368-AD45-4DF6-80A3-4A11C7F64213}.Release|Any CPU.ActiveCfg = Release|Any CPU
		{7977F368-AD45-4DF6-80A3-4A11C7F64213}.Release|Any CPU.Build.0 = Release|Any CPU
	EndGlobalSection
	GlobalSection(SolutionProperties) = preSolution
		HideSolutionNode = FALSE
	EndGlobalSection
	GlobalSection(ExtensibilityGlobals) = postSolution
		SolutionGuid = {FA67042D-E99D-45AA-8CCB-8EBF3650CF16}
	EndGlobalSection
EndGlobal
